
Microsoft Visual Studio Solution File, Format Version 12.00
# Visual Studio Version 16
VisualStudioVersion = 16.0.810.23
MinimumVisualStudioVersion = 10.0.40219.1
Project("{FAE04EC0-301F-11D3-BF4B-00C04F79EFBC}") = "MethodOverloadingAssignment", "MethodOverloadingAssignment\MethodOverloadingAssignment.csproj", "{48EC00C7-30D2-42F0-98BF-3982049F099D}"
EndProject
Global
	GlobalSection(SolutionConfigurationPlatforms) = preSolution
		Debug|Any CPU = Debug|Any CPU
		Release|Any CPU = Release|Any CPU
	EndGlobalSection
	GlobalSection(ProjectConfigurationPlatforms) = postSolution
		{48EC00C7-30D2-42F0-98BF-3982049F099D}.Debug|Any CPU.ActiveCfg = Debug|Any CPU
		{48EC00C7-30D2-42F0-98BF-3982049F099D}.Debug|Any CPU.Build.0 = Debug|Any CPU
		{48EC00C7-30D2-42F0-98BF-3982049F099D}.Release|Any CPU.ActiveCfg = Release|Any CPU
		{48EC00C7-30D2-42F0-98BF-3982049F099D}.Release|Any CPU.Build.0 = Release|Any CPU
	EndGlobalSection
	GlobalSection(SolutionProperties) = preSolution
		HideSolutionNode = FALSE
	EndGlobalSection
	GlobalSection(ExtensibilityGlobals) = postSolution
		SolutionGuid = {059FAD09-04E0-4B03-A61A-5A3D7E1474EF}
	EndGlobalSection
EndGlobal
